// !$*UTF8*$!
{
	archiveVersion = 1;
	classes = {
	};
	objectVersion = 56;
	objects = {

/* Begin PBXBuildFile section */
		5FCE538B2C263884005187A4 /* GitHubTest2App.swift in Sources */ = {isa = PBXBuildFile; fileRef = 5FCE538A2C263884005187A4 /* GitHubTest2App.swift */; };
		5FCE538D2C263884005187A4 /* ContentView.swift in Sources */ = {isa = PBXBuildFile; fileRef = 5FCE538C2C263884005187A4 /* ContentView.swift */; };
		5FCE538F2C263886005187A4 /* Assets.xcassets in Resources */ = {isa = PBXBuildFile; fileRef = 5FCE538E2C263886005187A4 /* Assets.xcassets */; };
		5FCE53922C263886005187A4 /* Preview Assets.xcassets in Resources */ = {isa = PBXBuildFile; fileRef = 5FCE53912C263886005187A4 /* Preview Assets.xcassets */; };
		5FCE539C2C263886005187A4 /* GitHubTest2Tests.swift in Sources */ = {isa = PBXBuildFile; fileRef = 5FCE539B2C263886005187A4 /* GitHubTest2Tests.swift */; };
		5FCE53A62C263886005187A4 /* GitHubTest2UITests.swift in Sources */ = {isa = PBXBuildFile; fileRef = 5FCE53A52C263886005187A4 /* GitHubTest2UITests.swift */; };
		5FCE53A82C263886005187A4 /* GitHubTest2UITestsLaunchTests.swift in Sources */ = {isa = PBXBuildFile; fileRef = 5FCE53A72C263886005187A4 /* GitHubTest2UITestsLaunchTests.swift */; };
/* End PBXBuildFile section */

/* Begin PBXContainerItemProxy section */
		5FCE53982C263886005187A4 /* PBXContainerItemProxy */ = {
			isa = PBXContainerItemProxy;
			containerPortal = 5FCE537F2C263884005187A4 /* Project object */;
			proxyType = 1;
			remoteGlobalIDString = 5FCE53862C263884005187A4;
			remoteInfo = GitHubTest2;
		};
		5FCE53A22C263886005187A4 /* PBXContainerItemProxy */ = {
			isa = PBXContainerItemProxy;
			containerPortal = 5FCE537F2C263884005187A4 /* Project object */;
			proxyType = 1;
			remoteGlobalIDString = 5FCE53862C263884005187A4;
			remoteInfo = GitHubTest2;
		};
/* End PBXContainerItemProxy section */

/* Begin PBXFileReference section */
		5FCE53872C263884005187A4 /* GitHubTest2.app */ = {isa = PBXFileReference; explicitFileType = wrapper.application; includeInIndex = 0; path = GitHubTest2.app; sourceTree = BUILT_PRODUCTS_DIR; };
		5FCE538A2C263884005187A4 /* GitHubTest2App.swift */ = {isa = PBXFileReference; lastKnownFileType = sourcecode.swift; path = GitHubTest2App.swift; sourceTree = "<group>"; };
		5FCE538C2C263884005187A4 /* ContentView.swift */ = {isa = PBXFileReference; lastKnownFileType = sourcecode.swift; path = ContentView.swift; sourceTree = "<group>"; };
		5FCE538E2C263886005187A4 /* Assets.xcassets */ = {isa = PBXFileReference; lastKnownFileType = folder.assetcatalog; path = Assets.xcassets; sourceTree = "<group>"; };
		5FCE53912C263886005187A4 /* Preview Assets.xcassets */ = {isa = PBXFileReference; lastKnownFileType = folder.assetcatalog; path = "Preview Assets.xcassets"; sourceTree = "<group>"; };
		5FCE53972C263886005187A4 /* GitHubTest2Tests.xctest */ = {isa = PBXFileReference; explicitFileType = wrapper.cfbundle; includeInIndex = 0; path = GitHubTest2Tests.xctest; sourceTree = BUILT_PRODUCTS_DIR; };
		5FCE539B2C263886005187A4 /* GitHubTest2Tests.swift */ = {isa = PBXFileReference; lastKnownFileType = sourcecode.swift; path = GitHubTest2Tests.swift; sourceTree = "<group>"; };
		5FCE53A12C263886005187A4 /* GitHubTest2UITests.xctest */ = {isa = PBXFileReference; explicitFileType = wrapper.cfbundle; includeInIndex = 0; path = GitHubTest2UITests.xctest; sourceTree = BUILT_PRODUCTS_DIR; };
		5FCE53A52C263886005187A4 /* GitHubTest2UITests.swift */ = {isa = PBXFileReference; lastKnownFileType = sourcecode.swift; path = GitHubTest2UITests.swift; sourceTree = "<group>"; };
		5FCE53A72C263886005187A4 /* GitHubTest2UITestsLaunchTests.swift */ = {isa = PBXFileReference; lastKnownFileType = sourcecode.swift; path = GitHubTest2UITestsLaunchTests.swift; sourceTree = "<group>"; };
/* End PBXFileReference section */

/* Begin PBXFrameworksBuildPhase section */
		5FCE53842C263884005187A4 /* Frameworks */ = {
			isa = PBXFrameworksBuildPhase;
			buildActionMask = 2147483647;
			files = (
			);
			runOnlyForDeploymentPostprocessing = 0;
		};
		5FCE53942C263886005187A4 /* Frameworks */ = {
			isa = PBXFrameworksBuildPhase;
			buildActionMask = 2147483647;
			files = (
			);
			runOnlyForDeploymentPostprocessing = 0;
		};
		5FCE539E2C263886005187A4 /* Frameworks */ = {
			isa = PBXFrameworksBuildPhase;
			buildActionMask = 2147483647;
			files = (
			);
			runOnlyForDeploymentPostprocessing = 0;
		};
/* End PBXFrameworksBuildPhase section */

/* Begin PBXGroup section */
		5FCE537E2C263884005187A4 = {
			isa = PBXGroup;
			children = (
				5FCE53892C263884005187A4 /* GitHubTest2 */,
				5FCE539A2C263886005187A4 /* GitHubTest2Tests */,
				5FCE53A42C263886005187A4 /* GitHubTest2UITests */,
				5FCE53882C263884005187A4 /* Products */,
			);
			sourceTree = "<group>";
		};
		5FCE53882C263884005187A4 /* Products */ = {
			isa = PBXGroup;
			children = (
				5FCE53872C263884005187A4 /* GitHubTest2.app */,
				5FCE53972C263886005187A4 /* GitHubTest2Tests.xctest */,
				5FCE53A12C263886005187A4 /* GitHubTest2UITests.xctest */,
			);
			name = Products;
			sourceTree = "<group>";
		};
		5FCE53892C263884005187A4 /* GitHubTest2 */ = {
			isa = PBXGroup;
			children = (
				5FCE538A2C263884005187A4 /* GitHubTest2App.swift */,
				5FCE538C2C263884005187A4 /* ContentView.swift */,
				5FCE538E2C263886005187A4 /* Assets.xcassets */,
				5FCE53902C263886005187A4 /* Preview Content */,
			);
			path = GitHubTest2;
			sourceTree = "<group>";
		};
		5FCE53902C263886005187A4 /* Preview Content */ = {
			isa = PBXGroup;
			children = (
				5FCE53912C263886005187A4 /* Preview Assets.xcassets */,
			);
			path = "Preview Content";
			sourceTree = "<group>";
		};
		5FCE539A2C263886005187A4 /* GitHubTest2Tests */ = {
			isa = PBXGroup;
			children = (
				5FCE539B2C263886005187A4 /* GitHubTest2Tests.swift */,
			);
			path = GitHubTest2Tests;
			sourceTree = "<group>";
		};
		5FCE53A42C263886005187A4 /* GitHubTest2UITests */ = {
			isa = PBXGroup;
			children = (
				5FCE53A52C263886005187A4 /* GitHubTest2UITests.swift */,
				5FCE53A72C263886005187A4 /* GitHubTest2UITestsLaunchTests.swift */,
			);
			path = GitHubTest2UITests;
			sourceTree = "<group>";
		};
/* End PBXGroup section */

/* Begin PBXNativeTarget section */
		5FCE53862C263884005187A4 /* GitHubTest2 */ = {
			isa = PBXNativeTarget;
			buildConfigurationList = 5FCE53AB2C263886005187A4 /* Build configuration list for PBXNativeTarget "GitHubTest2" */;
			buildPhases = (
				5FCE53832C263884005187A4 /* Sources */,
				5FCE53842C263884005187A4 /* Frameworks */,
				5FCE53852C263884005187A4 /* Resources */,
			);
			buildRules = (
			);
			dependencies = (
			);
			name = GitHubTest2;
			productName = GitHubTest2;
			productReference = 5FCE53872C263884005187A4 /* GitHubTest2.app */;
			productType = "com.apple.product-type.application";
		};
		5FCE53962C263886005187A4 /* GitHubTest2Tests */ = {
			isa = PBXNativeTarget;
			buildConfigurationList = 5FCE53AE2C263886005187A4 /* Build configuration list for PBXNativeTarget "GitHubTest2Tests" */;
			buildPhases = (
				5FCE53932C263886005187A4 /* Sources */,
				5FCE53942C263886005187A4 /* Frameworks */,
				5FCE53952C263886005187A4 /* Resources */,
			);
			buildRules = (
			);
			dependencies = (
				5FCE53992C263886005187A4 /* PBXTargetDependency */,
			);
			name = GitHubTest2Tests;
			productName = GitHubTest2Tests;
			productReference = 5FCE53972C263886005187A4 /* GitHubTest2Tests.xctest */;
			productType = "com.apple.product-type.bundle.unit-test";
		};
		5FCE53A02C263886005187A4 /* GitHubTest2UITests */ = {
			isa = PBXNativeTarget;
			buildConfigurationList = 5FCE53B12C263886005187A4 /* Build configuration list for PBXNativeTarget "GitHubTest2UITests" */;
			buildPhases = (
				5FCE539D2C263886005187A4 /* Sources */,
				5FCE539E2C263886005187A4 /* Frameworks */,
				5FCE539F2C263886005187A4 /* Resources */,
			);
			buildRules = (
			);
			dependencies = (
				5FCE53A32C263886005187A4 /* PBXTargetDependency */,
			);
			name = GitHubTest2UITests;
			productName = GitHubTest2UITests;
			productReference = 5FCE53A12C263886005187A4 /* GitHubTest2UITests.xctest */;
			productType = "com.apple.product-type.bundle.ui-testing";
		};
/* End PBXNativeTarget section */

/* Begin PBXProject section */
		5FCE537F2C263884005187A4 /* Project object */ = {
			isa = PBXProject;
			attributes = {
				BuildIndependentTargetsInParallel = 1;
				LastSwiftUpdateCheck = 1500;
				LastUpgradeCheck = 1500;
				TargetAttributes = {
					5FCE53862C263884005187A4 = {
						CreatedOnToolsVersion = 15.0.1;
					};
					5FCE53962C263886005187A4 = {
						CreatedOnToolsVersion = 15.0.1;
						TestTargetID = 5FCE53862C263884005187A4;
					};
					5FCE53A02C263886005187A4 = {
						CreatedOnToolsVersion = 15.0.1;
						TestTargetID = 5FCE53862C263884005187A4;
					};
				};
			};
			buildConfigurationList = 5FCE53822C263884005187A4 /* Build configuration list for PBXProject "GitHubTest2" */;
			compatibilityVersion = "Xcode 14.0";
			developmentRegion = en;
			hasScannedForEncodings = 0;
			knownRegions = (
				en,
				Base,
			);
			mainGroup = 5FCE537E2C263884005187A4;
			productRefGroup = 5FCE53882C263884005187A4 /* Products */;
			projectDirPath = "";
			projectRoot = "";
			targets = (
				5FCE53862C263884005187A4 /* GitHubTest2 */,
				5FCE53962C263886005187A4 /* GitHubTest2Tests */,
				5FCE53A02C263886005187A4 /* GitHubTest2UITests */,
			);
		};
/* End PBXProject section */

/* Begin PBXResourcesBuildPhase section */
		5FCE53852C263884005187A4 /* Resources */ = {
			isa = PBXResourcesBuildPhase;
			buildActionMask = 2147483647;
			files = (
				5FCE53922C263886005187A4 /* Preview Assets.xcassets in Resources */,
				5FCE538F2C263886005187A4 /* Assets.xcassets in Resources */,
			);
			runOnlyForDeploymentPostprocessing = 0;
		};
		5FCE53952C263886005187A4 /* Resources */ = {
			isa = PBXResourcesBuildPhase;
			buildActionMask = 2147483647;
			files = (
			);
			runOnlyForDeploymentPostprocessing = 0;
		};
		5FCE539F2C263886005187A4 /* Resources */ = {
			isa = PBXResourcesBuildPhase;
			buildActionMask = 2147483647;
			files = (
			);
			runOnlyForDeploymentPostprocessing = 0;
		};
/* End PBXResourcesBuildPhase section */

/* Begin PBXSourcesBuildPhase section */
		5FCE53832C263884005187A4 /* Sources */ = {
			isa = PBXSourcesBuildPhase;
			buildActionMask = 2147483647;
			files = (
				5FCE538D2C263884005187A4 /* ContentView.swift in Sources */,
				5FCE538B2C263884005187A4 /* GitHubTest2App.swift in Sources */,
			);
			runOnlyForDeploymentPostprocessing = 0;
		};
		5FCE53932C263886005187A4 /* Sources */ = {
			isa = PBXSourcesBuildPhase;
			buildActionMask = 2147483647;
			files = (
				5FCE539C2C263886005187A4 /* GitHubTest2Tests.swift in Sources */,
			);
			runOnlyForDeploymentPostprocessing = 0;
		};
		5FCE539D2C263886005187A4 /* Sources */ = {
			isa = PBXSourcesBuildPhase;
			buildActionMask = 2147483647;
			files = (
				5FCE53A82C263886005187A4 /* GitHubTest2UITestsLaunchTests.swift in Sources */,
				5FCE53A62C263886005187A4 /* GitHubTest2UITests.swift in Sources */,
			);
			runOnlyForDeploymentPostprocessing = 0;
		};
/* End PBXSourcesBuildPhase section */

/* Begin PBXTargetDependency section */
		5FCE53992C263886005187A4 /* PBXTargetDependency */ = {
			isa = PBXTargetDependency;
			target = 5FCE53862C263884005187A4 /* GitHubTest2 */;
			targetProxy = 5FCE53982C263886005187A4 /* PBXContainerItemProxy */;
		};
		5FCE53A32C263886005187A4 /* PBXTargetDependency */ = {
			isa = PBXTargetDependency;
			target = 5FCE53862C263884005187A4 /* GitHubTest2 */;
			targetProxy = 5FCE53A22C263886005187A4 /* PBXContainerItemProxy */;
		};
/* End PBXTargetDependency section */

/* Begin XCBuildConfiguration section */
		5FCE53A92C263886005187A4 /* Debug */ = {
			isa = XCBuildConfiguration;
			buildSettings = {
				ALWAYS_SEARCH_USER_PATHS = NO;
				ASSETCATALOG_COMPILER_GENERATE_SWIFT_ASSET_SYMBOL_EXTENSIONS = YES;
				CLANG_ANALYZER_NONNULL = YES;
				CLANG_ANALYZER_NUMBER_OBJECT_CONVERSION = YES_AGGRESSIVE;
				CLANG_CXX_LANGUAGE_STANDARD = "gnu++20";
				CLANG_ENABLE_MODULES = YES;
				CLANG_ENABLE_OBJC_ARC = YES;
				CLANG_ENABLE_OBJC_WEAK = YES;
				CLANG_WARN_BLOCK_CAPTURE_AUTORELEASING = YES;
				CLANG_WARN_BOOL_CONVERSION = YES;
				CLANG_WARN_COMMA = YES;
				CLANG_WARN_CONSTANT_CONVERSION = YES;
				CLANG_WARN_DEPRECATED_OBJC_IMPLEMENTATIONS = YES;
				CLANG_WARN_DIRECT_OBJC_ISA_USAGE = YES_ERROR;
				CLANG_WARN_DOCUMENTATION_COMMENTS = YES;
				CLANG_WARN_EMPTY_BODY = YES;
				CLANG_WARN_ENUM_CONVERSION = YES;
				CLANG_WARN_INFINITE_RECURSION = YES;
				CLANG_WARN_INT_CONVERSION = YES;
				CLANG_WARN_NON_LITERAL_NULL_CONVERSION = YES;
				CLANG_WARN_OBJC_IMPLICIT_RETAIN_SELF = YES;
				CLANG_WARN_OBJC_LITERAL_CONVERSION = YES;
				CLANG_WARN_OBJC_ROOT_CLASS = YES_ERROR;
				CLANG_WARN_QUOTED_INCLUDE_IN_FRAMEWORK_HEADER = YES;
				CLANG_WARN_RANGE_LOOP_ANALYSIS = YES;
				CLANG_WARN_STRICT_PROTOTYPES = YES;
				CLANG_WARN_SUSPICIOUS_MOVE = YES;
				CLANG_WARN_UNGUARDED_AVAILABILITY = YES_AGGRESSIVE;
				CLANG_WARN_UNREACHABLE_CODE = YES;
				CLANG_WARN__DUPLICATE_METHOD_MATCH = YES;
				COPY_PHASE_STRIP = NO;
				DEBUG_INFORMATION_FORMAT = dwarf;
				ENABLE_STRICT_OBJC_MSGSEND = YES;
				ENABLE_TESTABILITY = YES;
				ENABLE_USER_SCRIPT_SANDBOXING = YES;
				GCC_C_LANGUAGE_STANDARD = gnu17;
				GCC_DYNAMIC_NO_PIC = NO;
				GCC_NO_COMMON_BLOCKS = YES;
				GCC_OPTIMIZATION_LEVEL = 0;
				GCC_PREPROCESSOR_DEFINITIONS = (
					"DEBUG=1",
					"$(inherited)",
				);
				GCC_WARN_64_TO_32_BIT_CONVERSION = YES;
				GCC_WARN_ABOUT_RETURN_TYPE = YES_ERROR;
				GCC_WARN_UNDECLARED_SELECTOR = YES;
				GCC_WARN_UNINITIALIZED_AUTOS = YES_AGGRESSIVE;
				GCC_WARN_UNUSED_FUNCTION = YES;
				GCC_WARN_UNUSED_VARIABLE = YES;
				IPHONEOS_DEPLOYMENT_TARGET = 17.0;
				LOCALIZATION_PREFERS_STRING_CATALOGS = YES;
				MTL_ENABLE_DEBUG_INFO = INCLUDE_SOURCE;
				MTL_FAST_MATH = YES;
				ONLY_ACTIVE_ARCH = YES;
				SDKROOT = iphoneos;
				SWIFT_ACTIVE_COMPILATION_CONDITIONS = "DEBUG $(inherited)";
				SWIFT_OPTIMIZATION_LEVEL = "-Onone";
			};
			name = Debug;
		};
		5FCE53AA2C263886005187A4 /* Release */ = {
			isa = XCBuildConfiguration;
			buildSettings = {
				ALWAYS_SEARCH_USER_PATHS = NO;
				ASSETCATALOG_COMPILER_GENERATE_SWIFT_ASSET_SYMBOL_EXTENSIONS = YES;
				CLANG_ANALYZER_NONNULL = YES;
				CLANG_ANALYZER_NUMBER_OBJECT_CONVERSION = YES_AGGRESSIVE;
				CLANG_CXX_LANGUAGE_STANDARD = "gnu++20";
				CLANG_ENABLE_MODULES = YES;
				CLANG_ENABLE_OBJC_ARC = YES;
				CLANG_ENABLE_OBJC_WEAK = YES;
				CLANG_WARN_BLOCK_CAPTURE_AUTORELEASING = YES;
				CLANG_WARN_BOOL_CONVERSION = YES;
				CLANG_WARN_COMMA = YES;
				CLANG_WARN_CONSTANT_CONVERSION = YES;
				CLANG_WARN_DEPRECATED_OBJC_IMPLEMENTATIONS = YES;
				CLANG_WARN_DIRECT_OBJC_ISA_USAGE = YES_ERROR;
				CLANG_WARN_DOCUMENTATION_COMMENTS = YES;
				CLANG_WARN_EMPTY_BODY = YES;
				CLANG_WARN_ENUM_CONVERSION = YES;
				CLANG_WARN_INFINITE_RECURSION = YES;
				CLANG_WARN_INT_CONVERSION = YES;
				CLANG_WARN_NON_LITERAL_NULL_CONVERSION = YES;
				CLANG_WARN_OBJC_IMPLICIT_RETAIN_SELF = YES;
				CLANG_WARN_OBJC_LITERAL_CONVERSION = YES;
				CLANG_WARN_OBJC_ROOT_CLASS = YES_ERROR;
				CLANG_WARN_QUOTED_INCLUDE_IN_FRAMEWORK_HEADER = YES;
				CLANG_WARN_RANGE_LOOP_ANALYSIS = YES;
				CLANG_WARN_STRICT_PROTOTYPES = YES;
				CLANG_WARN_SUSPICIOUS_MOVE = YES;
				CLANG_WARN_UNGUARDED_AVAILABILITY = YES_AGGRESSIVE;
				CLANG_WARN_UNREACHABLE_CODE = YES;
				CLANG_WARN__DUPLICATE_METHOD_MATCH = YES;
				COPY_PHASE_STRIP = NO;
				DEBUG_INFORMATION_FORMAT = "dwarf-with-dsym";
				ENABLE_NS_ASSERTIONS = NO;
				ENABLE_STRICT_OBJC_MSGSEND = YES;
				ENABLE_USER_SCRIPT_SANDBOXING = YES;
				GCC_C_LANGUAGE_STANDARD = gnu17;
				GCC_NO_COMMON_BLOCKS = YES;
				GCC_WARN_64_TO_32_BIT_CONVERSION = YES;
				GCC_WARN_ABOUT_RETURN_TYPE = YES_ERROR;
				GCC_WARN_UNDECLARED_SELECTOR = YES;
				GCC_WARN_UNINITIALIZED_AUTOS = YES_AGGRESSIVE;
				GCC_WARN_UNUSED_FUNCTION = YES;
				GCC_WARN_UNUSED_VARIABLE = YES;
				IPHONEOS_DEPLOYMENT_TARGET = 17.0;
				LOCALIZATION_PREFERS_STRING_CATALOGS = YES;
				MTL_ENABLE_DEBUG_INFO = NO;
				MTL_FAST_MATH = YES;
				SDKROOT = iphoneos;
				SWIFT_COMPILATION_MODE = wholemodule;
				VALIDATE_PRODUCT = YES;
			};
			name = Release;
		};
		5FCE53AC2C263886005187A4 /* Debug */ = {
			isa = XCBuildConfiguration;
			buildSettings = {
				ASSETCATALOG_COMPILER_APPICON_NAME = AppIcon;
				ASSETCATALOG_COMPILER_GLOBAL_ACCENT_COLOR_NAME = AccentColor;
				CODE_SIGN_STYLE = Automatic;
				CURRENT_PROJECT_VERSION = 1;
				DEVELOPMENT_ASSET_PATHS = "\"GitHubTest2/Preview Content\"";
				DEVELOPMENT_TEAM = PU9LYPLT6X;
				ENABLE_PREVIEWS = YES;
				GENERATE_INFOPLIST_FILE = YES;
				INFOPLIST_KEY_UIApplicationSceneManifest_Generation = YES;
				INFOPLIST_KEY_UIApplicationSupportsIndirectInputEvents = YES;
				INFOPLIST_KEY_UILaunchScreen_Generation = YES;
				INFOPLIST_KEY_UISupportedInterfaceOrientations_iPad = "UIInterfaceOrientationPortrait UIInterfaceOrientationPortraitUpsideDown UIInterfaceOrientationLandscapeLeft UIInterfaceOrientationLandscapeRight";
				INFOPLIST_KEY_UISupportedInterfaceOrientations_iPhone = "UIInterfaceOrientationPortrait UIInterfaceOrientationLandscapeLeft UIInterfaceOrientationLandscapeRight";
				LD_RUNPATH_SEARCH_PATHS = (
					"$(inherited)",
					"@executable_path/Frameworks",
				);
				MARKETING_VERSION = 1.0;
				PRODUCT_BUNDLE_IDENTIFIER = com.gregorygromow.GitHubTest2;
				PRODUCT_NAME = "$(TARGET_NAME)";
				SWIFT_EMIT_LOC_STRINGS = YES;
				SWIFT_VERSION = 5.0;
				TARGETED_DEVICE_FAMILY = "1,2";
			};
			name = Debug;
		};
		5FCE53AD2C263886005187A4 /* Release */ = {
			isa = XCBuildConfiguration;
			buildSettings = {
				ASSETCATALOG_COMPILER_APPICON_NAME = AppIcon;
				ASSETCATALOG_COMPILER_GLOBAL_ACCENT_COLOR_NAME = AccentColor;
				CODE_SIGN_STYLE = Automatic;
				CURRENT_PROJECT_VERSION = 1;
				DEVELOPMENT_ASSET_PATHS = "\"GitHubTest2/Preview Content\"";
				DEVELOPMENT_TEAM = PU9LYPLT6X;
				ENABLE_PREVIEWS = YES;
				GENERATE_INFOPLIST_FILE = YES;
				INFOPLIST_KEY_UIApplicationSceneManifest_Generation = YES;
				INFOPLIST_KEY_UIApplicationSupportsIndirectInputEvents = YES;
				INFOPLIST_KEY_UILaunchScreen_Generation = YES;
				INFOPLIST_KEY_UISupportedInterfaceOrientations_iPad = "UIInterfaceOrientationPortrait UIInterfaceOrientationPortraitUpsideDown UIInterfaceOrientationLandscapeLeft UIInterfaceOrientationLandscapeRight";
				INFOPLIST_KEY_UISupportedInterfaceOrientations_iPhone = "UIInterfaceOrientationPortrait UIInterfaceOrientationLandscapeLeft UIInterfaceOrientationLandscapeRight";
				LD_RUNPATH_SEARCH_PATHS = (
					"$(inherited)",
					"@executable_path/Frameworks",
				);
				MARKETING_VERSION = 1.0;
				PRODUCT_BUNDLE_IDENTIFIER = com.gregorygromow.GitHubTest2;
				PRODUCT_NAME = "$(TARGET_NAME)";
				SWIFT_EMIT_LOC_STRINGS = YES;
				SWIFT_VERSION = 5.0;
				TARGETED_DEVICE_FAMILY = "1,2";
			};
			name = Release;
		};
		5FCE53AF2C263886005187A4 /* Debug */ = {
			isa = XCBuildConfiguration;
			buildSettings = {
				ALWAYS_EMBED_SWIFT_STANDARD_LIBRARIES = YES;
				BUNDLE_LOADER = "$(TEST_HOST)";
				CODE_SIGN_STYLE = Automatic;
				CURRENT_PROJECT_VERSION = 1;
				DEVELOPMENT_TEAM = PU9LYPLT6X;
				GENERATE_INFOPLIST_FILE = YES;
				IPHONEOS_DEPLOYMENT_TARGET = 17.0;
				MARKETING_VERSION = 1.0;
				PRODUCT_BUNDLE_IDENTIFIER = com.gregorygromow.GitHubTest2Tests;
				PRODUCT_NAME = "$(TARGET_NAME)";
				SWIFT_EMIT_LOC_STRINGS = NO;
				SWIFT_VERSION = 5.0;
				TARGETED_DEVICE_FAMILY = "1,2";
				TEST_HOST = "$(BUILT_PRODUCTS_DIR)/GitHubTest2.app/$(BUNDLE_EXECUTABLE_FOLDER_PATH)/GitHubTest2";
			};
			name = Debug;
		};
		5FCE53B02C263886005187A4 /* Release */ = {
			isa = XCBuildConfiguration;
			buildSettings = {
				ALWAYS_EMBED_SWIFT_STANDARD_LIBRARIES = YES;
				BUNDLE_LOADER = "$(TEST_HOST)";
				CODE_SIGN_STYLE = Automatic;
				CURRENT_PROJECT_VERSION = 1;
				DEVELOPMENT_TEAM = PU9LYPLT6X;
				GENERATE_INFOPLIST_FILE = YES;
				IPHONEOS_DEPLOYMENT_TARGET = 17.0;
				MARKETING_VERSION = 1.0;
				PRODUCT_BUNDLE_IDENTIFIER = com.gregorygromow.GitHubTest2Tests;
				PRODUCT_NAME = "$(TARGET_NAME)";
				SWIFT_EMIT_LOC_STRINGS = NO;
				SWIFT_VERSION = 5.0;
				TARGETED_DEVICE_FAMILY = "1,2";
				TEST_HOST = "$(BUILT_PRODUCTS_DIR)/GitHubTest2.app/$(BUNDLE_EXECUTABLE_FOLDER_PATH)/GitHubTest2";
			};
			name = Release;
		};
		5FCE53B22C263886005187A4 /* Debug */ = {
			isa = XCBuildConfiguration;
			buildSettings = {
				ALWAYS_EMBED_SWIFT_STANDARD_LIBRARIES = YES;
				CODE_SIGN_STYLE = Automatic;
				CURRENT_PROJECT_VERSION = 1;
				DEVELOPMENT_TEAM = PU9LYPLT6X;
				GENERATE_INFOPLIST_FILE = YES;
				MARKETING_VERSION = 1.0;
				PRODUCT_BUNDLE_IDENTIFIER = com.gregorygromow.GitHubTest2UITests;
				PRODUCT_NAME = "$(TARGET_NAME)";
				SWIFT_EMIT_LOC_STRINGS = NO;
				SWIFT_VERSION = 5.0;
				TARGETED_DEVICE_FAMILY = "1,2";
				TEST_TARGET_NAME = GitHubTest2;
			};
			name = Debug;
		};
		5FCE53B32C263886005187A4 /* Release */ = {
			isa = XCBuildConfiguration;
			buildSettings = {
				ALWAYS_EMBED_SWIFT_STANDARD_LIBRARIES = YES;
				CODE_SIGN_STYLE = Automatic;
				CURRENT_PROJECT_VERSION = 1;
				DEVELOPMENT_TEAM = PU9LYPLT6X;
				GENERATE_INFOPLIST_FILE = YES;
				MARKETING_VERSION = 1.0;
				PRODUCT_BUNDLE_IDENTIFIER = com.gregorygromow.GitHubTest2UITests;
				PRODUCT_NAME = "$(TARGET_NAME)";
				SWIFT_EMIT_LOC_STRINGS = NO;
				SWIFT_VERSION = 5.0;
				TARGETED_DEVICE_FAMILY = "1,2";
				TEST_TARGET_NAME = GitHubTest2;
			};
			name = Release;
		};
/* End XCBuildConfiguration section */

/* Begin XCConfigurationList section */
		5FCE53822C263884005187A4 /* Build configuration list for PBXProject "GitHubTest2" */ = {
			isa = XCConfigurationList;
			buildConfigurations = (
				5FCE53A92C263886005187A4 /* Debug */,
				5FCE53AA2C263886005187A4 /* Release */,
			);
			defaultConfigurationIsVisible = 0;
			defaultConfigurationName = Release;
		};
		5FCE53AB2C263886005187A4 /* Build configuration list for PBXNativeTarget "GitHubTest2" */ = {
			isa = XCConfigurationList;
			buildConfigurations = (
				5FCE53AC2C263886005187A4 /* Debug */,
				5FCE53AD2C263886005187A4 /* Release */,
			);
			defaultConfigurationIsVisible = 0;
			defaultConfigurationName = Release;
		};
		5FCE53AE2C263886005187A4 /* Build configuration list for PBXNativeTarget "GitHubTest2Tests" */ = {
			isa = XCConfigurationList;
			buildConfigurations = (
				5FCE53AF2C263886005187A4 /* Debug */,
				5FCE53B02C263886005187A4 /* Release */,
			);
			defaultConfigurationIsVisible = 0;
			defaultConfigurationName = Release;
		};
		5FCE53B12C263886005187A4 /* Build configuration list for PBXNativeTarget "GitHubTest2UITests" */ = {
			isa = XCConfigurationList;
			buildConfigurations = (
				5FCE53B22C263886005187A4 /* Debug */,
				5FCE53B32C263886005187A4 /* Release */,
			);
			defaultConfigurationIsVisible = 0;
			defaultConfigurationName = Release;
		};
/* End XCConfigurationList section */
	};
	rootObject = 5FCE537F2C263884005187A4 /* Project object */;
}
